// !$*UTF8*$!
{
	archiveVersion = 1;
	classes = {
	};
	objectVersion = 51;
	objects = {

/* Begin PBXBuildFile section */
		12A229992626B574009DCC34 /* AppDelegate.swift in Sources */ = {isa = PBXBuildFile; fileRef = 12A229982626B574009DCC34 /* AppDelegate.swift */; };
		12A2299B2626B574009DCC34 /* SceneDelegate.swift in Sources */ = {isa = PBXBuildFile; fileRef = 12A2299A2626B574009DCC34 /* SceneDelegate.swift */; };
		12A2299D2626B574009DCC34 /* ViewController.swift in Sources */ = {isa = PBXBuildFile; fileRef = 12A2299C2626B574009DCC34 /* ViewController.swift */; };
		12A229A02626B574009DCC34 /* Main.storyboard in Resources */ = {isa = PBXBuildFile; fileRef = 12A2299E2626B574009DCC34 /* Main.storyboard */; };
		12A229A22626B576009DCC34 /* Assets.xcassets in Resources */ = {isa = PBXBuildFile; fileRef = 12A229A12626B576009DCC34 /* Assets.xcassets */; };
		12A229A52626B576009DCC34 /* LaunchScreen.storyboard in Resources */ = {isa = PBXBuildFile; fileRef = 12A229A32626B576009DCC34 /* LaunchScreen.storyboard */; };
		12AD33D82626B60B005547FF /* AudioController.swift in Sources */ = {isa = PBXBuildFile; fileRef = 12AD33D52626B60B005547FF /* AudioController.swift */; };
		12AD33D92626B60B005547FF /* SpeechRecognitionService.swift in Sources */ = {isa = PBXBuildFile; fileRef = 12AD33D62626B60B005547FF /* SpeechRecognitionService.swift */; };
		EBFF5D2848F251F6B60DCAB8 /* Pods_grpcStreaming.framework in Frameworks */ = {isa = PBXBuildFile; fileRef = 2E2AFFE851D51916CC258515 /* Pods_grpcStreaming.framework */; };
/* End PBXBuildFile section */

/* Begin PBXFileReference section */
		12A229952626B574009DCC34 /* grpcStreaming.app */ = {isa = PBXFileReference; explicitFileType = wrapper.application; includeInIndex = 0; path = grpcStreaming.app; sourceTree = BUILT_PRODUCTS_DIR; };
		12A229982626B574009DCC34 /* AppDelegate.swift */ = {isa = PBXFileReference; lastKnownFileType = sourcecode.swift; path = AppDelegate.swift; sourceTree = "<group>"; };
		12A2299A2626B574009DCC34 /* SceneDelegate.swift */ = {isa = PBXFileReference; lastKnownFileType = sourcecode.swift; path = SceneDelegate.swift; sourceTree = "<group>"; };
		12A2299C2626B574009DCC34 /* ViewController.swift */ = {isa = PBXFileReference; lastKnownFileType = sourcecode.swift; path = ViewController.swift; sourceTree = "<group>"; };
		12A2299F2626B574009DCC34 /* Base */ = {isa = PBXFileReference; lastKnownFileType = file.storyboard; name = Base; path = Base.lproj/Main.storyboard; sourceTree = "<group>"; };
		12A229A12626B576009DCC34 /* Assets.xcassets */ = {isa = PBXFileReference; lastKnownFileType = folder.assetcatalog; path = Assets.xcassets; sourceTree = "<group>"; };
		12A229A42626B576009DCC34 /* Base */ = {isa = PBXFileReference; lastKnownFileType = file.storyboard; name = Base; path = Base.lproj/LaunchScreen.storyboard; sourceTree = "<group>"; };
		12A229A62626B576009DCC34 /* Info.plist */ = {isa = PBXFileReference; lastKnownFileType = text.plist.xml; path = Info.plist; sourceTree = "<group>"; };
		12AD33D52626B60B005547FF /* AudioController.swift */ = {isa = PBXFileReference; fileEncoding = 4; lastKnownFileType = sourcecode.swift; path = AudioController.swift; sourceTree = "<group>"; };
		12AD33D62626B60B005547FF /* SpeechRecognitionService.swift */ = {isa = PBXFileReference; fileEncoding = 4; lastKnownFileType = sourcecode.swift; path = SpeechRecognitionService.swift; sourceTree = "<group>"; };
		12AD33D72626B60B005547FF /* BridgingSpeech.h */ = {isa = PBXFileReference; fileEncoding = 4; lastKnownFileType = sourcecode.c.h; path = BridgingSpeech.h; sourceTree = "<group>"; };
		2E2AFFE851D51916CC258515 /* Pods_grpcStreaming.framework */ = {isa = PBXFileReference; explicitFileType = wrapper.framework; includeInIndex = 0; path = Pods_grpcStreaming.framework; sourceTree = BUILT_PRODUCTS_DIR; };
		47F6E3EFFEEC42EC57AF5405 /* Pods-grpcStreaming.release.xcconfig */ = {isa = PBXFileReference; includeInIndex = 1; lastKnownFileType = text.xcconfig; name = "Pods-grpcStreaming.release.xcconfig"; path = "Target Support Files/Pods-grpcStreaming/Pods-grpcStreaming.release.xcconfig"; sourceTree = "<group>"; };
		5F9C8FA0D259320724F62075 /* Pods-grpcStreaming.debug.xcconfig */ = {isa = PBXFileReference; includeInIndex = 1; lastKnownFileType = text.xcconfig; name = "Pods-grpcStreaming.debug.xcconfig"; path = "Target Support Files/Pods-grpcStreaming/Pods-grpcStreaming.debug.xcconfig"; sourceTree = "<group>"; };
/* End PBXFileReference section */

/* Begin PBXFrameworksBuildPhase section */
		12A229922626B574009DCC34 /* Frameworks */ = {
			isa = PBXFrameworksBuildPhase;
			buildActionMask = 2147483647;
			files = (
				EBFF5D2848F251F6B60DCAB8 /* Pods_grpcStreaming.framework in Frameworks */,
			);
			runOnlyForDeploymentPostprocessing = 0;
		};
/* End PBXFrameworksBuildPhase section */

/* Begin PBXGroup section */
		12A2298C2626B574009DCC34 = {
			isa = PBXGroup;
			children = (
				12A229972626B574009DCC34 /* grpcStreaming */,
				12A229962626B574009DCC34 /* Products */,
				574F5203A3A67516B4ED7575 /* Pods */,
				A68169195D176A8F36213E59 /* Frameworks */,
			);
			sourceTree = "<group>";
		};
		12A229962626B574009DCC34 /* Products */ = {
			isa = PBXGroup;
			children = (
				12A229952626B574009DCC34 /* grpcStreaming.app */,
			);
			name = Products;
			sourceTree = "<group>";
		};
		12A229972626B574009DCC34 /* grpcStreaming */ = {
			isa = PBXGroup;
			children = (
				12AD33D42626B60B005547FF /* GoogleSpeech */,
				12A229982626B574009DCC34 /* AppDelegate.swift */,
				12A2299A2626B574009DCC34 /* SceneDelegate.swift */,
				12A2299C2626B574009DCC34 /* ViewController.swift */,
				12A2299E2626B574009DCC34 /* Main.storyboard */,
				12A229A12626B576009DCC34 /* Assets.xcassets */,
				12A229A32626B576009DCC34 /* LaunchScreen.storyboard */,
				12A229A62626B576009DCC34 /* Info.plist */,
			);
			path = grpcStreaming;
			sourceTree = "<group>";
		};
		12AD33D42626B60B005547FF /* GoogleSpeech */ = {
			isa = PBXGroup;
			children = (
				12AD33D52626B60B005547FF /* AudioController.swift */,
				12AD33D62626B60B005547FF /* SpeechRecognitionService.swift */,
				12AD33D72626B60B005547FF /* BridgingSpeech.h */,
			);
			path = GoogleSpeech;
			sourceTree = "<group>";
		};
		574F5203A3A67516B4ED7575 /* Pods */ = {
			isa = PBXGroup;
			children = (
				5F9C8FA0D259320724F62075 /* Pods-grpcStreaming.debug.xcconfig */,
				47F6E3EFFEEC42EC57AF5405 /* Pods-grpcStreaming.release.xcconfig */,
			);
			path = Pods;
			sourceTree = "<group>";
		};
		A68169195D176A8F36213E59 /* Frameworks */ = {
			isa = PBXGroup;
			children = (
				2E2AFFE851D51916CC258515 /* Pods_grpcStreaming.framework */,
			);
			name = Frameworks;
			sourceTree = "<group>";
		};
/* End PBXGroup section */

/* Begin PBXNativeTarget section */
		12A229942626B574009DCC34 /* grpcStreaming */ = {
			isa = PBXNativeTarget;
			buildConfigurationList = 12A229A92626B576009DCC34 /* Build configuration list for PBXNativeTarget "grpcStreaming" */;
			buildPhases = (
				40B61A790B82921547A8AC07 /* [CP] Check Pods Manifest.lock */,
				12A229912626B574009DCC34 /* Sources */,
				12A229922626B574009DCC34 /* Frameworks */,
				12A229932626B574009DCC34 /* Resources */,
				6716A847A5F27090A3F53D54 /* [CP] Embed Pods Frameworks */,
			);
			buildRules = (
			);
			dependencies = (
			);
			name = grpcStreaming;
			productName = grpcStreaming;
			productReference = 12A229952626B574009DCC34 /* grpcStreaming.app */;
			productType = "com.apple.product-type.application";
		};
/* End PBXNativeTarget section */

/* Begin PBXProject section */
		12A2298D2626B574009DCC34 /* Project object */ = {
			isa = PBXProject;
			attributes = {
				LastSwiftUpdateCheck = 1240;
				LastUpgradeCheck = 1240;
				TargetAttributes = {
					12A229942626B574009DCC34 = {
						CreatedOnToolsVersion = 12.4;
					};
				};
			};
			buildConfigurationList = 12A229902626B574009DCC34 /* Build configuration list for PBXProject "grpcStreaming" */;
			compatibilityVersion = "Xcode 9.3";
			developmentRegion = en;
			hasScannedForEncodings = 0;
			knownRegions = (
				en,
				Base,
			);
			mainGroup = 12A2298C2626B574009DCC34;
			productRefGroup = 12A229962626B574009DCC34 /* Products */;
			projectDirPath = "";
			projectRoot = "";
			targets = (
				12A229942626B574009DCC34 /* grpcStreaming */,
			);
		};
/* End PBXProject section */

/* Begin PBXResourcesBuildPhase section */
		12A229932626B574009DCC34 /* Resources */ = {
			isa = PBXResourcesBuildPhase;
			buildActionMask = 2147483647;
			files = (
				12A229A52626B576009DCC34 /* LaunchScreen.storyboard in Resources */,
				12A229A22626B576009DCC34 /* Assets.xcassets in Resources */,
				12A229A02626B574009DCC34 /* Main.storyboard in Resources */,
			);
			runOnlyForDeploymentPostprocessing = 0;
		};
/* End PBXResourcesBuildPhase section */

/* Begin PBXShellScriptBuildPhase section */
		40B61A790B82921547A8AC07 /* [CP] Check Pods Manifest.lock */ = {
			isa = PBXShellScriptBuildPhase;
			buildActionMask = 2147483647;
			files = (
			);
			inputFileListPaths = (
			);
			inputPaths = (
				"${PODS_PODFILE_DIR_PATH}/Podfile.lock",
				"${PODS_ROOT}/Manifest.lock",
			);
			name = "[CP] Check Pods Manifest.lock";
			outputFileListPaths = (
			);
			outputPaths = (
				"$(DERIVED_FILE_DIR)/Pods-grpcStreaming-checkManifestLockResult.txt",
			);
			runOnlyForDeploymentPostprocessing = 0;
			shellPath = /bin/sh;
			shellScript = "diff \"${PODS_PODFILE_DIR_PATH}/Podfile.lock\" \"${PODS_ROOT}/Manifest.lock\" > /dev/null\nif [ $? != 0 ] ; then\n    # print error to STDERR\n    echo \"error: The sandbox is not in sync with the Podfile.lock. Run 'pod install' or update your CocoaPods installation.\" >&2\n    exit 1\nfi\n# This output is used by Xcode 'outputs' to avoid re-running this script phase.\necho \"SUCCESS\" > \"${SCRIPT_OUTPUT_FILE_0}\"\n";
			showEnvVarsInLog = 0;
		};
		6716A847A5F27090A3F53D54 /* [CP] Embed Pods Frameworks */ = {
			isa = PBXShellScriptBuildPhase;
			buildActionMask = 2147483647;
			files = (
			);
			inputFileListPaths = (
				"${PODS_ROOT}/Target Support Files/Pods-grpcStreaming/Pods-grpcStreaming-frameworks-${CONFIGURATION}-input-files.xcfilelist",
			);
			name = "[CP] Embed Pods Frameworks";
			outputFileListPaths = (
				"${PODS_ROOT}/Target Support Files/Pods-grpcStreaming/Pods-grpcStreaming-frameworks-${CONFIGURATION}-output-files.xcfilelist",
			);
			runOnlyForDeploymentPostprocessing = 0;
			shellPath = /bin/sh;
			shellScript = "\"${PODS_ROOT}/Target Support Files/Pods-grpcStreaming/Pods-grpcStreaming-frameworks.sh\"\n";
			showEnvVarsInLog = 0;
		};
/* End PBXShellScriptBuildPhase section */

/* Begin PBXSourcesBuildPhase section */
		12A229912626B574009DCC34 /* Sources */ = {
			isa = PBXSourcesBuildPhase;
			buildActionMask = 2147483647;
			files = (
				12AD33D92626B60B005547FF /* SpeechRecognitionService.swift in Sources */,
				12A2299D2626B574009DCC34 /* ViewController.swift in Sources */,
				12A229992626B574009DCC34 /* AppDelegate.swift in Sources */,
				12AD33D82626B60B005547FF /* AudioController.swift in Sources */,
				12A2299B2626B574009DCC34 /* SceneDelegate.swift in Sources */,
			);
			runOnlyForDeploymentPostprocessing = 0;
		};
/* End PBXSourcesBuildPhase section */

/* Begin PBXVariantGroup section */
		12A2299E2626B574009DCC34 /* Main.storyboard */ = {
			isa = PBXVariantGroup;
			children = (
				12A2299F2626B574009DCC34 /* Base */,
			);
			name = Main.storyboard;
			sourceTree = "<group>";
		};
		12A229A32626B576009DCC34 /* LaunchScreen.storyboard */ = {
			isa = PBXVariantGroup;
			children = (
				12A229A42626B576009DCC34 /* Base */,
			);
			name = LaunchScreen.storyboard;
			sourceTree = "<group>";
		};
/* End PBXVariantGroup section */

/* Begin XCBuildConfiguration section */
		12A229A72626B576009DCC34 /* Debug */ = {
			isa = XCBuildConfiguration;
			buildSettings = {
				ALWAYS_SEARCH_USER_PATHS = NO;
				CLANG_ANALYZER_NONNULL = YES;
				CLANG_ANALYZER_NUMBER_OBJECT_CONVERSION = YES_AGGRESSIVE;
				CLANG_CXX_LANGUAGE_STANDARD = "gnu++14";
				CLANG_CXX_LIBRARY = "libc++";
				CLANG_ENABLE_MODULES = YES;
				CLANG_ENABLE_OBJC_ARC = YES;
				CLANG_ENABLE_OBJC_WEAK = YES;
				CLANG_WARN_BLOCK_CAPTURE_AUTORELEASING = YES;
				CLANG_WARN_BOOL_CONVERSION = YES;
				CLANG_WARN_COMMA = YES;
				CLANG_WARN_CONSTANT_CONVERSION = YES;
				CLANG_WARN_DEPRECATED_OBJC_IMPLEMENTATIONS = YES;
				CLANG_WARN_DIRECT_OBJC_ISA_USAGE = YES_ERROR;
				CLANG_WARN_DOCUMENTATION_COMMENTS = YES;
				CLANG_WARN_EMPTY_BODY = YES;
				CLANG_WARN_ENUM_CONVERSION = YES;
				CLANG_WARN_INFINITE_RECURSION = YES;
				CLANG_WARN_INT_CONVERSION = YES;
				CLANG_WARN_NON_LITERAL_NULL_CONVERSION = YES;
				CLANG_WARN_OBJC_IMPLICIT_RETAIN_SELF = YES;
				CLANG_WARN_OBJC_LITERAL_CONVERSION = YES;
				CLANG_WARN_OBJC_ROOT_CLASS = YES_ERROR;
				CLANG_WARN_QUOTED_INCLUDE_IN_FRAMEWORK_HEADER = YES;
				CLANG_WARN_RANGE_LOOP_ANALYSIS = YES;
				CLANG_WARN_STRICT_PROTOTYPES = YES;
				CLANG_WARN_SUSPICIOUS_MOVE = YES;
				CLANG_WARN_UNGUARDED_AVAILABILITY = YES_AGGRESSIVE;
				CLANG_WARN_UNREACHABLE_CODE = YES;
				CLANG_WARN__DUPLICATE_METHOD_MATCH = YES;
				COPY_PHASE_STRIP = NO;
				DEBUG_INFORMATION_FORMAT = dwarf;
				ENABLE_STRICT_OBJC_MSGSEND = YES;
				ENABLE_TESTABILITY = YES;
				GCC_C_LANGUAGE_STANDARD = gnu11;
				GCC_DYNAMIC_NO_PIC = NO;
				GCC_NO_COMMON_BLOCKS = YES;
				GCC_OPTIMIZATION_LEVEL = 0;
				GCC_PREPROCESSOR_DEFINITIONS = (
					"DEBUG=1",
					"$(inherited)",
				);
				GCC_WARN_64_TO_32_BIT_CONVERSION = YES;
				GCC_WARN_ABOUT_RETURN_TYPE = YES_ERROR;
				GCC_WARN_UNDECLARED_SELECTOR = YES;
				GCC_WARN_UNINITIALIZED_AUTOS = YES_AGGRESSIVE;
				GCC_WARN_UNUSED_FUNCTION = YES;
				GCC_WARN_UNUSED_VARIABLE = YES;
				IPHONEOS_DEPLOYMENT_TARGET = 14.4;
				MTL_ENABLE_DEBUG_INFO = INCLUDE_SOURCE;
				MTL_FAST_MATH = YES;
				ONLY_ACTIVE_ARCH = YES;
				SDKROOT = iphoneos;
				SWIFT_ACTIVE_COMPILATION_CONDITIONS = DEBUG;
				SWIFT_OPTIMIZATION_LEVEL = "-Onone";
			};
			name = Debug;
		};
		12A229A82626B576009DCC34 /* Release */ = {
			isa = XCBuildConfiguration;
			buildSettings = {
				ALWAYS_SEARCH_USER_PATHS = NO;
				CLANG_ANALYZER_NONNULL = YES;
				CLANG_ANALYZER_NUMBER_OBJECT_CONVERSION = YES_AGGRESSIVE;
				CLANG_CXX_LANGUAGE_STANDARD = "gnu++14";
				CLANG_CXX_LIBRARY = "libc++";
				CLANG_ENABLE_MODULES = YES;
				CLANG_ENABLE_OBJC_ARC = YES;
				CLANG_ENABLE_OBJC_WEAK = YES;
				CLANG_WARN_BLOCK_CAPTURE_AUTORELEASING = YES;
				CLANG_WARN_BOOL_CONVERSION = YES;
				CLANG_WARN_COMMA = YES;
				CLANG_WARN_CONSTANT_CONVERSION = YES;
				CLANG_WARN_DEPRECATED_OBJC_IMPLEMENTATIONS = YES;
				CLANG_WARN_DIRECT_OBJC_ISA_USAGE = YES_ERROR;
				CLANG_WARN_DOCUMENTATION_COMMENTS = YES;
				CLANG_WARN_EMPTY_BODY = YES;
				CLANG_WARN_ENUM_CONVERSION = YES;
				CLANG_WARN_INFINITE_RECURSION = YES;
				CLANG_WARN_INT_CONVERSION = YES;
				CLANG_WARN_NON_LITERAL_NULL_CONVERSION = YES;
				CLANG_WARN_OBJC_IMPLICIT_RETAIN_SELF = YES;
				CLANG_WARN_OBJC_LITERAL_CONVERSION = YES;
				CLANG_WARN_OBJC_ROOT_CLASS = YES_ERROR;
				CLANG_WARN_QUOTED_INCLUDE_IN_FRAMEWORK_HEADER = YES;
				CLANG_WARN_RANGE_LOOP_ANALYSIS = YES;
				CLANG_WARN_STRICT_PROTOTYPES = YES;
				CLANG_WARN_SUSPICIOUS_MOVE = YES;
				CLANG_WARN_UNGUARDED_AVAILABILITY = YES_AGGRESSIVE;
				CLANG_WARN_UNREACHABLE_CODE = YES;
				CLANG_WARN__DUPLICATE_METHOD_MATCH = YES;
				COPY_PHASE_STRIP = NO;
				DEBUG_INFORMATION_FORMAT = "dwarf-with-dsym";
				ENABLE_NS_ASSERTIONS = NO;
				ENABLE_STRICT_OBJC_MSGSEND = YES;
				GCC_C_LANGUAGE_STANDARD = gnu11;
				GCC_NO_COMMON_BLOCKS = YES;
				GCC_WARN_64_TO_32_BIT_CONVERSION = YES;
				GCC_WARN_ABOUT_RETURN_TYPE = YES_ERROR;
				GCC_WARN_UNDECLARED_SELECTOR = YES;
				GCC_WARN_UNINITIALIZED_AUTOS = YES_AGGRESSIVE;
				GCC_WARN_UNUSED_FUNCTION = YES;
				GCC_WARN_UNUSED_VARIABLE = YES;
				IPHONEOS_DEPLOYMENT_TARGET = 14.4;
				MTL_ENABLE_DEBUG_INFO = NO;
				MTL_FAST_MATH = YES;
				SDKROOT = iphoneos;
				SWIFT_COMPILATION_MODE = wholemodule;
				SWIFT_OPTIMIZATION_LEVEL = "-O";
				VALIDATE_PRODUCT = YES;
			};
			name = Release;
		};
		12A229AA2626B576009DCC34 /* Debug */ = {
			isa = XCBuildConfiguration;
			baseConfigurationReference = 5F9C8FA0D259320724F62075 /* Pods-grpcStreaming.debug.xcconfig */;
			buildSettings = {
				ASSETCATALOG_COMPILER_APPICON_NAME = AppIcon;
				ASSETCATALOG_COMPILER_GLOBAL_ACCENT_COLOR_NAME = AccentColor;
				CODE_SIGN_STYLE = Automatic;
				INFOPLIST_FILE = grpcStreaming/Info.plist;
				LD_RUNPATH_SEARCH_PATHS = (
					"$(inherited)",
					"@executable_path/Frameworks",
				);
				PRODUCT_BUNDLE_IDENTIFIER = com.googleSpeech.grpcStreaming;
				PRODUCT_NAME = "$(TARGET_NAME)";
				SWIFT_VERSION = 5.0;
				TARGETED_DEVICE_FAMILY = "1,2";
			};
			name = Debug;
		};
		12A229AB2626B576009DCC34 /* Release */ = {
			isa = XCBuildConfiguration;
			baseConfigurationReference = 47F6E3EFFEEC42EC57AF5405 /* Pods-grpcStreaming.release.xcconfig */;
			buildSettings = {
				ASSETCATALOG_COMPILER_APPICON_NAME = AppIcon;
				ASSETCATALOG_COMPILER_GLOBAL_ACCENT_COLOR_NAME = AccentColor;
				CODE_SIGN_STYLE = Automatic;
				INFOPLIST_FILE = grpcStreaming/Info.plist;
				LD_RUNPATH_SEARCH_PATHS = (
					"$(inherited)",
					"@executable_path/Frameworks",
				);
				PRODUCT_BUNDLE_IDENTIFIER = com.googleSpeech.grpcStreaming;
				PRODUCT_NAME = "$(TARGET_NAME)";
				SWIFT_VERSION = 5.0;
				TARGETED_DEVICE_FAMILY = "1,2";
			};
			name = Release;
		};
/* End XCBuildConfiguration section */

/* Begin XCConfigurationList section */
		12A229902626B574009DCC34 /* Build configuration list for PBXProject "grpcStreaming" */ = {
			isa = XCConfigurationList;
			buildConfigurations = (
				12A229A72626B576009DCC34 /* Debug */,
				12A229A82626B576009DCC34 /* Release */,
			);
			defaultConfigurationIsVisible = 0;
			defaultConfigurationName = Release;
		};
		12A229A92626B576009DCC34 /* Build configuration list for PBXNativeTarget "grpcStreaming" */ = {
			isa = XCConfigurationList;
			buildConfigurations = (
				12A229AA2626B576009DCC34 /* Debug */,
				12A229AB2626B576009DCC34 /* Release */,
			);
			defaultConfigurationIsVisible = 0;
			defaultConfigurationName = Release;
		};
/* End XCConfigurationList section */
	};
	rootObject = 12A2298D2626B574009DCC34 /* Project object */;
}
